
Microsoft Visual Studio Solution File, Format Version 12.00
# Visual Studio 14
VisualStudioVersion = 14.0.25420.1
MinimumVisualStudioVersion = 10.0.40219.1
Project("{FAE04EC0-301F-11D3-BF4B-00C04F79EFBC}") = "Commencement.Core", "Commencement.Core\Commencement.Core.csproj", "{0BB21F7B-8340-4B6E-A168-7929B0AB8C75}"
EndProject
Project("{FAE04EC0-301F-11D3-BF4B-00C04F79EFBC}") = "Commencement.Tests", "Commencement.Tests\Commencement.Tests.csproj", "{38BA913C-9CD8-441E-A209-8555324164C4}"
EndProject
Project("{F14B399A-7131-4C87-9E4B-1186C45EF12D}") = "Commencement.Report", "Commencement.Report\Commencement.Report.rptproj", "{194A3973-CC14-4CFC-96B0-E3915A1B0E49}"
EndProject
Project("{00D1A9C2-B5F0-4AF3-8072-F6C62B433612}") = "Commencement.Db", "Commencement.Db\Commencement.Db.sqlproj", "{C3A43B28-6B8B-41C1-9006-71F9E826A9C7}"
EndProject
Project("{FAE04EC0-301F-11D3-BF4B-00C04F79EFBC}") = "Commencement.Mvc", "Commencement.Mvc\Commencement.Mvc.csproj", "{021DD7DB-4590-41FE-8347-A008CFAB2A30}"
EndProject
Project("{2150E333-8FDC-42A3-9474-1A3956D46DE8}") = "Jobs", "Jobs", "{7CE9CA7A-BE20-4F5C-9433-22FBD2DFAD16}"
EndProject
Project("{FAE04EC0-301F-11D3-BF4B-00C04F79EFBC}") = "Commencement.Jobs.Common", "Commencement.Jobs.Common\Commencement.Jobs.Common.csproj", "{7B58D13E-2558-4E96-89D1-21F7C9C1AC39}"
EndProject
Project("{FAE04EC0-301F-11D3-BF4B-00C04F79EFBC}") = "Commencement.Jobs.NotificationsCommon", "Commencement.Jobs.NotificationsCommon\Commencement.Jobs.NotificationsCommon.csproj", "{D5A0E968-6C48-4627-BC65-C0D46E4D28FF}"
EndProject
Project("{FAE04EC0-301F-11D3-BF4B-00C04F79EFBC}") = "Commencement.Jobs.EmailNotificationContinuous", "Commencement.Jobs.EmailNotificationContinuous\Commencement.Jobs.EmailNotificationContinuous.csproj", "{755DE75E-4544-4603-B81F-3241A5E3B4DF}"
EndProject
Project("{FAE04EC0-301F-11D3-BF4B-00C04F79EFBC}") = "Commencement.Jobs.EmailNotificationDaily", "Commencement.Jobs.EmailNotificationDaily\Commencement.Jobs.EmailNotificationDaily.csproj", "{65B928D4-4102-446D-BBE2-3FC9A3C1D96C}"
EndProject
Global
	GlobalSection(SolutionConfigurationPlatforms) = preSolution
		Debug|Any CPU = Debug|Any CPU
		DebugLocal|Any CPU = DebugLocal|Any CPU
		Release|Any CPU = Release|Any CPU
		Test|Any CPU = Test|Any CPU
	EndGlobalSection
	GlobalSection(ProjectConfigurationPlatforms) = postSolution
		{0BB21F7B-8340-4B6E-A168-7929B0AB8C75}.Debug|Any CPU.ActiveCfg = Debug|Any CPU
		{0BB21F7B-8340-4B6E-A168-7929B0AB8C75}.Debug|Any CPU.Build.0 = Debug|Any CPU
		{0BB21F7B-8340-4B6E-A168-7929B0AB8C75}.DebugLocal|Any CPU.ActiveCfg = Debug|Any CPU
		{0BB21F7B-8340-4B6E-A168-7929B0AB8C75}.DebugLocal|Any CPU.Build.0 = Debug|Any CPU
		{0BB21F7B-8340-4B6E-A168-7929B0AB8C75}.Release|Any CPU.ActiveCfg = Release|Any CPU
		{0BB21F7B-8340-4B6E-A168-7929B0AB8C75}.Release|Any CPU.Build.0 = Release|Any CPU
		{0BB21F7B-8340-4B6E-A168-7929B0AB8C75}.Test|Any CPU.ActiveCfg = Test|Any CPU
		{0BB21F7B-8340-4B6E-A168-7929B0AB8C75}.Test|Any CPU.Build.0 = Test|Any CPU
		{38BA913C-9CD8-441E-A209-8555324164C4}.Debug|Any CPU.ActiveCfg = Debug|Any CPU
		{38BA913C-9CD8-441E-A209-8555324164C4}.DebugLocal|Any CPU.ActiveCfg = Debug|Any CPU
		{38BA913C-9CD8-441E-A209-8555324164C4}.DebugLocal|Any CPU.Build.0 = Debug|Any CPU
		{38BA913C-9CD8-441E-A209-8555324164C4}.Release|Any CPU.ActiveCfg = Release|Any CPU
		{38BA913C-9CD8-441E-A209-8555324164C4}.Test|Any CPU.ActiveCfg = Test|Any CPU
		{194A3973-CC14-4CFC-96B0-E3915A1B0E49}.Debug|Any CPU.ActiveCfg = DebugLocal
		{194A3973-CC14-4CFC-96B0-E3915A1B0E49}.Debug|Any CPU.Build.0 = DebugLocal
		{194A3973-CC14-4CFC-96B0-E3915A1B0E49}.DebugLocal|Any CPU.ActiveCfg = DebugLocal
		{194A3973-CC14-4CFC-96B0-E3915A1B0E49}.DebugLocal|Any CPU.Build.0 = DebugLocal
		{194A3973-CC14-4CFC-96B0-E3915A1B0E49}.DebugLocal|Any CPU.Deploy.0 = DebugLocal
		{194A3973-CC14-4CFC-96B0-E3915A1B0E49}.Release|Any CPU.ActiveCfg = Release
		{194A3973-CC14-4CFC-96B0-E3915A1B0E49}.Release|Any CPU.Build.0 = Release
		{194A3973-CC14-4CFC-96B0-E3915A1B0E49}.Test|Any CPU.ActiveCfg = Test
		{C3A43B28-6B8B-41C1-9006-71F9E826A9C7}.Debug|Any CPU.ActiveCfg = Debug|Any CPU
		{C3A43B28-6B8B-41C1-9006-71F9E826A9C7}.Debug|Any CPU.Build.0 = Debug|Any CPU
		{C3A43B28-6B8B-41C1-9006-71F9E826A9C7}.DebugLocal|Any CPU.ActiveCfg = Debug|Any CPU
		{C3A43B28-6B8B-41C1-9006-71F9E826A9C7}.DebugLocal|Any CPU.Build.0 = Debug|Any CPU
		{C3A43B28-6B8B-41C1-9006-71F9E826A9C7}.DebugLocal|Any CPU.Deploy.0 = Debug|Any CPU
		{C3A43B28-6B8B-41C1-9006-71F9E826A9C7}.Release|Any CPU.ActiveCfg = Release|Any CPU
		{C3A43B28-6B8B-41C1-9006-71F9E826A9C7}.Release|Any CPU.Build.0 = Release|Any CPU
		{C3A43B28-6B8B-41C1-9006-71F9E826A9C7}.Test|Any CPU.ActiveCfg = Test|Any CPU
		{021DD7DB-4590-41FE-8347-A008CFAB2A30}.Debug|Any CPU.ActiveCfg = Debug|Any CPU
		{021DD7DB-4590-41FE-8347-A008CFAB2A30}.Debug|Any CPU.Build.0 = Debug|Any CPU
		{021DD7DB-4590-41FE-8347-A008CFAB2A30}.DebugLocal|Any CPU.ActiveCfg = Debug|Any CPU
		{021DD7DB-4590-41FE-8347-A008CFAB2A30}.DebugLocal|Any CPU.Build.0 = Debug|Any CPU
		{021DD7DB-4590-41FE-8347-A008CFAB2A30}.Release|Any CPU.ActiveCfg = Release|Any CPU
		{021DD7DB-4590-41FE-8347-A008CFAB2A30}.Release|Any CPU.Build.0 = Release|Any CPU
		{021DD7DB-4590-41FE-8347-A008CFAB2A30}.Test|Any CPU.ActiveCfg = Test|Any CPU
		{021DD7DB-4590-41FE-8347-A008CFAB2A30}.Test|Any CPU.Build.0 = Test|Any CPU
		{7B58D13E-2558-4E96-89D1-21F7C9C1AC39}.Debug|Any CPU.ActiveCfg = Debug|Any CPU
		{7B58D13E-2558-4E96-89D1-21F7C9C1AC39}.Debug|Any CPU.Build.0 = Debug|Any CPU
		{7B58D13E-2558-4E96-89D1-21F7C9C1AC39}.DebugLocal|Any CPU.ActiveCfg = Debug|Any CPU
		{7B58D13E-2558-4E96-89D1-21F7C9C1AC39}.DebugLocal|Any CPU.Build.0 = Debug|Any CPU
		{7B58D13E-2558-4E96-89D1-21F7C9C1AC39}.Release|Any CPU.ActiveCfg = Release|Any CPU
		{7B58D13E-2558-4E96-89D1-21F7C9C1AC39}.Release|Any CPU.Build.0 = Release|Any CPU
		{7B58D13E-2558-4E96-89D1-21F7C9C1AC39}.Test|Any CPU.ActiveCfg = Release|Any CPU
		{7B58D13E-2558-4E96-89D1-21F7C9C1AC39}.Test|Any CPU.Build.0 = Release|Any CPU
		{D5A0E968-6C48-4627-BC65-C0D46E4D28FF}.Debug|Any CPU.ActiveCfg = Debug|Any CPU
		{D5A0E968-6C48-4627-BC65-C0D46E4D28FF}.Debug|Any CPU.Build.0 = Debug|Any CPU
		{D5A0E968-6C48-4627-BC65-C0D46E4D28FF}.DebugLocal|Any CPU.ActiveCfg = Debug|Any CPU
		{D5A0E968-6C48-4627-BC65-C0D46E4D28FF}.DebugLocal|Any CPU.Build.0 = Debug|Any CPU
		{D5A0E968-6C48-4627-BC65-C0D46E4D28FF}.Release|Any CPU.ActiveCfg = Release|Any CPU
		{D5A0E968-6C48-4627-BC65-C0D46E4D28FF}.Release|Any CPU.Build.0 = Release|Any CPU
		{D5A0E968-6C48-4627-BC65-C0D46E4D28FF}.Test|Any CPU.ActiveCfg = Release|Any CPU
		{D5A0E968-6C48-4627-BC65-C0D46E4D28FF}.Test|Any CPU.Build.0 = Release|Any CPU
		{755DE75E-4544-4603-B81F-3241A5E3B4DF}.Debug|Any CPU.ActiveCfg = Debug|Any CPU
		{755DE75E-4544-4603-B81F-3241A5E3B4DF}.Debug|Any CPU.Build.0 = Debug|Any CPU
		{755DE75E-4544-4603-B81F-3241A5E3B4DF}.DebugLocal|Any CPU.ActiveCfg = Debug|Any CPU
		{755DE75E-4544-4603-B81F-3241A5E3B4DF}.DebugLocal|Any CPU.Build.0 = Debug|Any CPU
		{755DE75E-4544-4603-B81F-3241A5E3B4DF}.Release|Any CPU.ActiveCfg = Release|Any CPU
		{755DE75E-4544-4603-B81F-3241A5E3B4DF}.Release|Any CPU.Build.0 = Release|Any CPU
		{755DE75E-4544-4603-B81F-3241A5E3B4DF}.Test|Any CPU.ActiveCfg = Release|Any CPU
		{755DE75E-4544-4603-B81F-3241A5E3B4DF}.Test|Any CPU.Build.0 = Release|Any CPU
		{65B928D4-4102-446D-BBE2-3FC9A3C1D96C}.Debug|Any CPU.ActiveCfg = Debug|Any CPU
		{65B928D4-4102-446D-BBE2-3FC9A3C1D96C}.Debug|Any CPU.Build.0 = Debug|Any CPU
		{65B928D4-4102-446D-BBE2-3FC9A3C1D96C}.DebugLocal|Any CPU.ActiveCfg = Debug|Any CPU
		{65B928D4-4102-446D-BBE2-3FC9A3C1D96C}.DebugLocal|Any CPU.Build.0 = Debug|Any CPU
		{65B928D4-4102-446D-BBE2-3FC9A3C1D96C}.Release|Any CPU.ActiveCfg = Release|Any CPU
		{65B928D4-4102-446D-BBE2-3FC9A3C1D96C}.Release|Any CPU.Build.0 = Release|Any CPU
		{65B928D4-4102-446D-BBE2-3FC9A3C1D96C}.Test|Any CPU.ActiveCfg = Release|Any CPU
		{65B928D4-4102-446D-BBE2-3FC9A3C1D96C}.Test|Any CPU.Build.0 = Release|Any CPU
	EndGlobalSection
	GlobalSection(SolutionProperties) = preSolution
		HideSolutionNode = FALSE
	EndGlobalSection
	GlobalSection(NestedProjects) = preSolution
		{7B58D13E-2558-4E96-89D1-21F7C9C1AC39} = {7CE9CA7A-BE20-4F5C-9433-22FBD2DFAD16}
		{D5A0E968-6C48-4627-BC65-C0D46E4D28FF} = {7CE9CA7A-BE20-4F5C-9433-22FBD2DFAD16}
		{755DE75E-4544-4603-B81F-3241A5E3B4DF} = {7CE9CA7A-BE20-4F5C-9433-22FBD2DFAD16}
		{65B928D4-4102-446D-BBE2-3FC9A3C1D96C} = {7CE9CA7A-BE20-4F5C-9433-22FBD2DFAD16}
	EndGlobalSection
	GlobalSection(ExtensibilityGlobals) = postSolution
		EnterpriseLibraryConfigurationToolBinariesPathV6 = packages\EnterpriseLibrary.TransientFaultHandling.6.0.1304.0\lib\portable-net45+win+wp8
	EndGlobalSection
EndGlobal
