
Microsoft Visual Studio Solution File, Format Version 12.00
# Visual Studio 2012
Project("{159641D6-6404-4A2A-AE62-294DE0FE8301}") = "CommencementDataTransfer", "CommencementDataTransfer\CommencementDataTransfer.dtproj", "{18BE680F-C1ED-4277-8717-502371637C0C}"
EndProject
Global
	GlobalSection(SolutionConfigurationPlatforms) = preSolution
		Development|Default = Development|Default
	EndGlobalSection
	GlobalSection(ProjectConfigurationPlatforms) = postSolution
		{18BE680F-C1ED-4277-8717-502371637C0C}.Development|Default.ActiveCfg = Development
		{18BE680F-C1ED-4277-8717-502371637C0C}.Development|Default.Build.0 = Development
	EndGlobalSection
	GlobalSection(SolutionProperties) = preSolution
		HideSolutionNode = FALSE
	EndGlobalSection
EndGlobal
